
Microsoft Visual Studio Solution File, Format Version 12.00
# Visual Studio Version 17
VisualStudioVersion = 17.5.33502.453
MinimumVisualStudioVersion = 10.0.40219.1
Project("{FAE04EC0-301F-11D3-BF4B-00C04F79EFBC}") = "FinalWorkFirstQuater", "FinalWorkFirstQuater\FinalWorkFirstQuater.csproj", "{1C7D37E1-23FF-4BA2-9890-3369415569F2}"
EndProject
Project("{FAE04EC0-301F-11D3-BF4B-00C04F79EFBC}") = "MetodsForProgramm", "MetodsForProgramm\MetodsForProgramm.csproj", "{924FEE1D-A8D1-4A73-9647-8B8CA7F04099}"
EndProject
Global
	GlobalSection(SolutionConfigurationPlatforms) = preSolution
		Debug|Any CPU = Debug|Any CPU
		Release|Any CPU = Release|Any CPU
	EndGlobalSection
	GlobalSection(ProjectConfigurationPlatforms) = postSolution
		{1C7D37E1-23FF-4BA2-9890-3369415569F2}.Debug|Any CPU.ActiveCfg = Debug|Any CPU
		{1C7D37E1-23FF-4BA2-9890-3369415569F2}.Debug|Any CPU.Build.0 = Debug|Any CPU
		{1C7D37E1-23FF-4BA2-9890-3369415569F2}.Release|Any CPU.ActiveCfg = Release|Any CPU
		{1C7D37E1-23FF-4BA2-9890-3369415569F2}.Release|Any CPU.Build.0 = Release|Any CPU
		{924FEE1D-A8D1-4A73-9647-8B8CA7F04099}.Debug|Any CPU.ActiveCfg = Debug|Any CPU
		{924FEE1D-A8D1-4A73-9647-8B8CA7F04099}.Debug|Any CPU.Build.0 = Debug|Any CPU
		{924FEE1D-A8D1-4A73-9647-8B8CA7F04099}.Release|Any CPU.ActiveCfg = Release|Any CPU
		{924FEE1D-A8D1-4A73-9647-8B8CA7F04099}.Release|Any CPU.Build.0 = Release|Any CPU
	EndGlobalSection
	GlobalSection(SolutionProperties) = preSolution
		HideSolutionNode = FALSE
	EndGlobalSection
	GlobalSection(ExtensibilityGlobals) = postSolution
		SolutionGuid = {CE4D56C4-79B0-4144-8FDE-8E725636C705}
	EndGlobalSection
EndGlobal
